
Microsoft Visual Studio Solution File, Format Version 12.00
# Visual Studio 15
Project("{FAE04EC0-301F-11D3-BF4B-00C04F79EFBC}") = "Assembly-CSharp", "Assembly-CSharp.csproj", "{1B7C0BB7-C515-0428-2151-21E5B418BE8B}"
EndProject
Project("{FAE04EC0-301F-11D3-BF4B-00C04F79EFBC}") = "PhotonUnityNetworking.Utilities", "PhotonUnityNetworking.Utilities.csproj", "{8E3BE550-3589-45C8-F539-4153C9CEBF34}"
EndProject
Project("{FAE04EC0-301F-11D3-BF4B-00C04F79EFBC}") = "PhotonChat", "PhotonChat.csproj", "{0BD09E61-D569-D0FA-81FD-4EE846B35388}"
EndProject
Project("{FAE04EC0-301F-11D3-BF4B-00C04F79EFBC}") = "PhotonUnityNetworking", "PhotonUnityNetworking.csproj", "{0948BC9F-6A95-8BE0-ADA2-40E74227C6FA}"
EndProject
Project("{FAE04EC0-301F-11D3-BF4B-00C04F79EFBC}") = "PhotonRealtime", "PhotonRealtime.csproj", "{8E97DB16-D10E-310E-995B-4400EB415CD9}"
EndProject
Project("{FAE04EC0-301F-11D3-BF4B-00C04F79EFBC}") = "PhotonWebSocket", "PhotonWebSocket.csproj", "{A2C60E35-A1FF-1AA3-624F-F01E69A80785}"
EndProject
Project("{FAE04EC0-301F-11D3-BF4B-00C04F79EFBC}") = "PhotonUnityNetworking.Editor", "PhotonUnityNetworking.Editor.csproj", "{CEAB49C8-57B1-B261-AF2A-23FE2C3802EC}"
EndProject
Project("{FAE04EC0-301F-11D3-BF4B-00C04F79EFBC}") = "Assembly-CSharp-Editor", "Assembly-CSharp-Editor.csproj", "{9EA6D24F-B0D3-8FC8-E82A-055E6318E0CE}"
EndProject
Project("{FAE04EC0-301F-11D3-BF4B-00C04F79EFBC}") = "PhotonUnityNetworking.Utilities.PhotonPlayer.Editor", "PhotonUnityNetworking.Utilities.PhotonPlayer.Editor.csproj", "{DB67A0E4-57D1-F98D-BC1A-17B4DF5F2FC8}"
EndProject
Project("{FAE04EC0-301F-11D3-BF4B-00C04F79EFBC}") = "PhotonUnityNetworking.Utilities.Culling.Editor", "PhotonUnityNetworking.Utilities.Culling.Editor.csproj", "{8E74A824-AAA7-482B-F35C-10B9987FEA2B}"
EndProject
Global
	GlobalSection(SolutionConfigurationPlatforms) = preSolution
		Debug|Any CPU = Debug|Any CPU
		Release|Any CPU = Release|Any CPU
	EndGlobalSection
	GlobalSection(ProjectConfigurationPlatforms) = postSolution
		{1B7C0BB7-C515-0428-2151-21E5B418BE8B}.Debug|Any CPU.ActiveCfg = Debug|Any CPU
		{1B7C0BB7-C515-0428-2151-21E5B418BE8B}.Debug|Any CPU.Build.0 = Debug|Any CPU
		{1B7C0BB7-C515-0428-2151-21E5B418BE8B}.Release|Any CPU.ActiveCfg = Release|Any CPU
		{1B7C0BB7-C515-0428-2151-21E5B418BE8B}.Release|Any CPU.Build.0 = Release|Any CPU
		{8E3BE550-3589-45C8-F539-4153C9CEBF34}.Debug|Any CPU.ActiveCfg = Debug|Any CPU
		{8E3BE550-3589-45C8-F539-4153C9CEBF34}.Debug|Any CPU.Build.0 = Debug|Any CPU
		{8E3BE550-3589-45C8-F539-4153C9CEBF34}.Release|Any CPU.ActiveCfg = Release|Any CPU
		{8E3BE550-3589-45C8-F539-4153C9CEBF34}.Release|Any CPU.Build.0 = Release|Any CPU
		{0BD09E61-D569-D0FA-81FD-4EE846B35388}.Debug|Any CPU.ActiveCfg = Debug|Any CPU
		{0BD09E61-D569-D0FA-81FD-4EE846B35388}.Debug|Any CPU.Build.0 = Debug|Any CPU
		{0BD09E61-D569-D0FA-81FD-4EE846B35388}.Release|Any CPU.ActiveCfg = Release|Any CPU
		{0BD09E61-D569-D0FA-81FD-4EE846B35388}.Release|Any CPU.Build.0 = Release|Any CPU
		{0948BC9F-6A95-8BE0-ADA2-40E74227C6FA}.Debug|Any CPU.ActiveCfg = Debug|Any CPU
		{0948BC9F-6A95-8BE0-ADA2-40E74227C6FA}.Debug|Any CPU.Build.0 = Debug|Any CPU
		{0948BC9F-6A95-8BE0-ADA2-40E74227C6FA}.Release|Any CPU.ActiveCfg = Release|Any CPU
		{0948BC9F-6A95-8BE0-ADA2-40E74227C6FA}.Release|Any CPU.Build.0 = Release|Any CPU
		{8E97DB16-D10E-310E-995B-4400EB415CD9}.Debug|Any CPU.ActiveCfg = Debug|Any CPU
		{8E97DB16-D10E-310E-995B-4400EB415CD9}.Debug|Any CPU.Build.0 = Debug|Any CPU
		{8E97DB16-D10E-310E-995B-4400EB415CD9}.Release|Any CPU.ActiveCfg = Release|Any CPU
		{8E97DB16-D10E-310E-995B-4400EB415CD9}.Release|Any CPU.Build.0 = Release|Any CPU
		{A2C60E35-A1FF-1AA3-624F-F01E69A80785}.Debug|Any CPU.ActiveCfg = Debug|Any CPU
		{A2C60E35-A1FF-1AA3-624F-F01E69A80785}.Debug|Any CPU.Build.0 = Debug|Any CPU
		{A2C60E35-A1FF-1AA3-624F-F01E69A80785}.Release|Any CPU.ActiveCfg = Release|Any CPU
		{A2C60E35-A1FF-1AA3-624F-F01E69A80785}.Release|Any CPU.Build.0 = Release|Any CPU
		{CEAB49C8-57B1-B261-AF2A-23FE2C3802EC}.Debug|Any CPU.ActiveCfg = Debug|Any CPU
		{CEAB49C8-57B1-B261-AF2A-23FE2C3802EC}.Debug|Any CPU.Build.0 = Debug|Any CPU
		{CEAB49C8-57B1-B261-AF2A-23FE2C3802EC}.Release|Any CPU.ActiveCfg = Release|Any CPU
		{CEAB49C8-57B1-B261-AF2A-23FE2C3802EC}.Release|Any CPU.Build.0 = Release|Any CPU
		{9EA6D24F-B0D3-8FC8-E82A-055E6318E0CE}.Debug|Any CPU.ActiveCfg = Debug|Any CPU
		{9EA6D24F-B0D3-8FC8-E82A-055E6318E0CE}.Debug|Any CPU.Build.0 = Debug|Any CPU
		{9EA6D24F-B0D3-8FC8-E82A-055E6318E0CE}.Release|Any CPU.ActiveCfg = Release|Any CPU
		{9EA6D24F-B0D3-8FC8-E82A-055E6318E0CE}.Release|Any CPU.Build.0 = Release|Any CPU
		{DB67A0E4-57D1-F98D-BC1A-17B4DF5F2FC8}.Debug|Any CPU.ActiveCfg = Debug|Any CPU
		{DB67A0E4-57D1-F98D-BC1A-17B4DF5F2FC8}.Debug|Any CPU.Build.0 = Debug|Any CPU
		{DB67A0E4-57D1-F98D-BC1A-17B4DF5F2FC8}.Release|Any CPU.ActiveCfg = Release|Any CPU
		{DB67A0E4-57D1-F98D-BC1A-17B4DF5F2FC8}.Release|Any CPU.Build.0 = Release|Any CPU
		{8E74A824-AAA7-482B-F35C-10B9987FEA2B}.Debug|Any CPU.ActiveCfg = Debug|Any CPU
		{8E74A824-AAA7-482B-F35C-10B9987FEA2B}.Debug|Any CPU.Build.0 = Debug|Any CPU
		{8E74A824-AAA7-482B-F35C-10B9987FEA2B}.Release|Any CPU.ActiveCfg = Release|Any CPU
		{8E74A824-AAA7-482B-F35C-10B9987FEA2B}.Release|Any CPU.Build.0 = Release|Any CPU
	EndGlobalSection
	GlobalSection(SolutionProperties) = preSolution
		HideSolutionNode = FALSE
	EndGlobalSection
EndGlobal
